github.com/SmartEnergyPlatform/util v0.0.0-20181018070938-b26ca656886c h1:W4cI5yY8t8yL2eby9p27KmVgUzJ8x/nOJVFcchA0srs=
github.com/SmartEnergyPlatform/util v0.0.0-20181018070938-b26ca656886c/go.mod h1:SQukrczVRI7mSlfxYiIjtKjuIpNc7GPXhZISX0iLa3M=
github.com/julienschmidt/httprouter v0.0.0-20150421170007-8c199fb6259f/go.mod h1:SYymIcj16QtmaHHD7aYtjjsJG7VTCxuUUipMqKk8s4w=
github.com/julienschmidt/httprouter v1.2.0 h1:TDTW5Yz1mjftljbcKqRcrYhd4XeOoI98t+9HbQbYf7g=
github.com/julienschmidt/httprouter v1.2.0/go.mod h1:SYymIcj16QtmaHHD7aYtjjsJG7VTCxuUUipMqKk8s4w=
gopkg.in/mgo.v2 v2.0.0-20160818020120-3f83fa500528 h1:/saqWwm73dLmuzbNhe92F0QsZ/KiFND+esHco2v1hiY=
gopkg.in/mgo.v2 v2.0.0-20160818020120-3f83fa500528/go.mod h1:yeKp02qBN3iKW1OzL3MGk2IdtZzaj7SFntXj72NppTA=
